
Microsoft Visual Studio Solution File, Format Version 12.00
# Visual Studio 15
VisualStudioVersion = 15.0.28307.421
MinimumVisualStudioVersion = 10.0.40219.1
Project("{FAE04EC0-301F-11D3-BF4B-00C04F79EFBC}") = "StandardDll", "StandardDll\StandardDll.csproj", "{16792C4E-196D-478E-A3FA-2FAF4D10096A}"
EndProject
Project("{FAE04EC0-301F-11D3-BF4B-00C04F79EFBC}") = "CoreWeb", "CoreWeb\CoreWeb.csproj", "{EA1D047A-076F-4F93-9D59-639E0039A86A}"
EndProject
Global
	GlobalSection(SolutionConfigurationPlatforms) = preSolution
		Debug|Any CPU = Debug|Any CPU
		Release|Any CPU = Release|Any CPU
	EndGlobalSection
	GlobalSection(ProjectConfigurationPlatforms) = postSolution
		{16792C4E-196D-478E-A3FA-2FAF4D10096A}.Debug|Any CPU.ActiveCfg = Debug|Any CPU
		{16792C4E-196D-478E-A3FA-2FAF4D10096A}.Debug|Any CPU.Build.0 = Debug|Any CPU
		{16792C4E-196D-478E-A3FA-2FAF4D10096A}.Release|Any CPU.ActiveCfg = Release|Any CPU
		{16792C4E-196D-478E-A3FA-2FAF4D10096A}.Release|Any CPU.Build.0 = Release|Any CPU
		{EA1D047A-076F-4F93-9D59-639E0039A86A}.Debug|Any CPU.ActiveCfg = Debug|Any CPU
		{EA1D047A-076F-4F93-9D59-639E0039A86A}.Debug|Any CPU.Build.0 = Debug|Any CPU
		{EA1D047A-076F-4F93-9D59-639E0039A86A}.Release|Any CPU.ActiveCfg = Release|Any CPU
		{EA1D047A-076F-4F93-9D59-639E0039A86A}.Release|Any CPU.Build.0 = Release|Any CPU
	EndGlobalSection
	GlobalSection(SolutionProperties) = preSolution
		HideSolutionNode = FALSE
	EndGlobalSection
	GlobalSection(ExtensibilityGlobals) = postSolution
		SolutionGuid = {1ECB8518-0E85-4637-BC34-7BF87FCCE81C}
	EndGlobalSection
EndGlobal
